<?xml version="1.0" encoding="UTF-8"?>
<!DOCTYPE plist PUBLIC "-//Apple//DTD PLIST 1.0//EN" "http://www.apple.com/DTDs/PropertyList-1.0.dtd">
<plist version="1.0">
<dict>
	<key>archiveVersion</key>
	<string>1</string>
	<key>classes</key>
	<dict/>
	<key>objectVersion</key>
	<string>54</string>
	<key>objects</key>
	<dict>
		<key>1823EB6E74189944EAA69652</key>
		<dict>
			<key>includeInIndex</key>
			<string>1</string>
			<key>isa</key>
			<string>PBXFileReference</string>
			<key>lastKnownFileType</key>
			<string>text.xcconfig</string>
			<key>name</key>
			<string>Pods-Runner.profile.xcconfig</string>
			<key>path</key>
			<string>Target Support Files/Pods-Runner/Pods-Runner.profile.xcconfig</string>
			<key>sourceTree</key>
			<string>&lt;group&gt;</string>
		</dict>
		<key>1CD81A6C7244B2318E0BA2E8</key>
		<dict>
			<key>explicitFileType</key>
			<string>wrapper.framework</string>
			<key>includeInIndex</key>
			<string>0</string>
			<key>isa</key>
			<string>PBXFileReference</string>
			<key>path</key>
			<string>Pods_Runner.framework</string>
			<key>sourceTree</key>
			<string>BUILT_PRODUCTS_DIR</string>
		</dict>
		<key>333000ED22D3DE5D00554162</key>
		<dict>
			<key>isa</key>
			<string>PBXFileReference</string>
			<key>lastKnownFileType</key>
			<string>text.xcconfig</string>
			<key>path</key>
			<string>Warnings.xcconfig</string>
			<key>sourceTree</key>
			<string>&lt;group&gt;</string>
		</dict>
		<key>335BBD1A22A9A15E00E9071D</key>
		<dict>
			<key>fileEncoding</key>
			<string>4</string>
			<key>isa</key>
			<string>PBXFileReference</string>
			<key>lastKnownFileType</key>
			<string>sourcecode.swift</string>
			<key>path</key>
			<string>GeneratedPluginRegistrant.swift</string>
			<key>sourceTree</key>
			<string>&lt;group&gt;</string>
		</dict>
		<key>335BBD1B22A9A15E00E9071D</key>
		<dict>
			<key>fileRef</key>
			<string>335BBD1A22A9A15E00E9071D</string>
			<key>isa</key>
			<string>PBXBuildFile</string>
		</dict>
		<key>338D0CE9231458BD00FA5F75</key>
		<dict>
			<key>baseConfigurationReference</key>
			<string>7AFA3C8E1D35360C0083082E</string>
			<key>buildSettings</key>
			<dict>
				<key>ALWAYS_SEARCH_USER_PATHS</key>
				<string>NO</string>
				<key>CLANG_ANALYZER_NONNULL</key>
				<string>YES</string>
				<key>CLANG_ANALYZER_NUMBER_OBJECT_CONVERSION</key>
				<string>YES_AGGRESSIVE</string>
				<key>CLANG_CXX_LANGUAGE_STANDARD</key>
				<string>gnu++14</string>
				<key>CLANG_CXX_LIBRARY</key>
				<string>libc++</string>
				<key>CLANG_ENABLE_MODULES</key>
				<string>YES</string>
				<key>CLANG_ENABLE_OBJC_ARC</key>
				<string>YES</string>
				<key>CLANG_WARN_BLOCK_CAPTURE_AUTORELEASING</key>
				<string>YES</string>
				<key>CLANG_WARN_BOOL_CONVERSION</key>
				<string>YES</string>
				<key>CLANG_WARN_CONSTANT_CONVERSION</key>
				<string>YES</string>
				<key>CLANG_WARN_DEPRECATED_OBJC_IMPLEMENTATIONS</key>
				<string>YES</string>
				<key>CLANG_WARN_DIRECT_OBJC_ISA_USAGE</key>
				<string>YES_ERROR</string>
				<key>CLANG_WARN_DOCUMENTATION_COMMENTS</key>
				<string>YES</string>
				<key>CLANG_WARN_EMPTY_BODY</key>
				<string>YES</string>
				<key>CLANG_WARN_ENUM_CONVERSION</key>
				<string>YES</string>
				<key>CLANG_WARN_INFINITE_RECURSION</key>
				<string>YES</string>
				<key>CLANG_WARN_INT_CONVERSION</key>
				<string>YES</string>
				<key>CLANG_WARN_NON_LITERAL_NULL_CONVERSION</key>
				<string>YES</string>
				<key>CLANG_WARN_OBJC_LITERAL_CONVERSION</key>
				<string>YES</string>
				<key>CLANG_WARN_OBJC_ROOT_CLASS</key>
				<string>YES_ERROR</string>
				<key>CLANG_WARN_RANGE_LOOP_ANALYSIS</key>
				<string>YES</string>
				<key>CLANG_WARN_SUSPICIOUS_MOVE</key>
				<string>YES</string>
				<key>CODE_SIGN_IDENTITY</key>
				<string>-</string>
				<key>COPY_PHASE_STRIP</key>
				<string>NO</string>
				<key>DEBUG_INFORMATION_FORMAT</key>
				<string>dwarf-with-dsym</string>
				<key>ENABLE_NS_ASSERTIONS</key>
				<string>NO</string>
				<key>ENABLE_STRICT_OBJC_MSGSEND</key>
				<string>YES</string>
				<key>GCC_C_LANGUAGE_STANDARD</key>
				<string>gnu11</string>
				<key>GCC_NO_COMMON_BLOCKS</key>
				<string>YES</string>
				<key>GCC_WARN_64_TO_32_BIT_CONVERSION</key>
				<string>YES</string>
				<key>GCC_WARN_ABOUT_RETURN_TYPE</key>
				<string>YES_ERROR</string>
				<key>GCC_WARN_UNINITIALIZED_AUTOS</key>
				<string>YES_AGGRESSIVE</string>
				<key>GCC_WARN_UNUSED_FUNCTION</key>
				<string>YES</string>
				<key>GCC_WARN_UNUSED_VARIABLE</key>
				<string>YES</string>
				<key>MACOSX_DEPLOYMENT_TARGET</key>
				<string>13.0</string>
				<key>MTL_ENABLE_DEBUG_INFO</key>
				<string>NO</string>
				<key>SDKROOT</key>
				<string>macosx</string>
				<key>STRIP_STYLE</key>
				<string>non-global</string>
				<key>SWIFT_COMPILATION_MODE</key>
				<string>wholemodule</string>
				<key>SWIFT_OPTIMIZATION_LEVEL</key>
				<string>-O</string>
			</dict>
			<key>isa</key>
			<string>XCBuildConfiguration</string>
			<key>name</key>
			<string>Profile</string>
		</dict>
		<key>338D0CEA231458BD00FA5F75</key>
		<dict>
			<key>baseConfigurationReference</key>
			<string>33E5194F232828860026EE4D</string>
			<key>buildSettings</key>
			<dict>
				<key>ARCHS</key>
				<array>
					<string>arm64</string>
				<string>x86_64</string>
					<string>arm64</string>
				</array>
				<key>ASSETCATALOG_COMPILER_APPICON_NAME</key>
				<string>AppIcon</string>
				<key>CLANG_ENABLE_MODULES</key>
				<string>YES</string>
				<key>CODE_SIGN_ENTITLEMENTS</key>
				<string>Runner/DebugProfile.entitlements</string>
				<key>CODE_SIGN_STYLE</key>
				<string>Automatic</string>
				<key>COMBINE_HIDPI_IMAGES</key>
				<string>YES</string>
				<key>ENABLE_HARDENED_RUNTIME</key>
				<string>NO</string>
				<key>INFOPLIST_FILE</key>
				<string>Runner/Info.plist</string>
				<key>INFOPLIST_KEY_CFBundleDisplayName</key>
				<string>PonyNotes</string>
				<key>LD_RUNPATH_SEARCH_PATHS</key>
				<array>
					<string>$(inherited)</string>
					<string>@executable_path/../Frameworks</string>
				</array>
				<key>MACOSX_DEPLOYMENT_TARGET</key>
				<string>13.0</string>
				<key>ONLY_ACTIVE_ARCH</key>
				<string>YES</string>
				<key>PROVISIONING_PROFILE_SPECIFIER</key>
				<string></string>
				<key>STRIP_STYLE</key>
				<string>non-global</string>
				<key>SWIFT_VERSION</key>
				<string>5.0</string>
			</dict>
			<key>isa</key>
			<string>XCBuildConfiguration</string>
			<key>name</key>
			<string>Profile</string>
		</dict>
		<key>338D0CEB231458BD00FA5F75</key>
		<dict>
			<key>buildSettings</key>
			<dict>
				<key>CODE_SIGN_STYLE</key>
				<string>Manual</string>
				<key>PRODUCT_NAME</key>
				<string>$(TARGET_NAME)</string>
			</dict>
			<key>isa</key>
			<string>XCBuildConfiguration</string>
			<key>name</key>
			<string>Profile</string>
		</dict>
		<key>3399D490228B24CF009A79C7</key>
		<dict>
			<key>alwaysOutOfDate</key>
			<string>1</string>
			<key>buildActionMask</key>
			<string>2147483647</string>
			<key>files</key>
			<array/>
			<key>inputFileListPaths</key>
			<array/>
			<key>inputPaths</key>
			<array/>
			<key>isa</key>
			<string>PBXShellScriptBuildPhase</string>
			<key>outputFileListPaths</key>
			<array/>
			<key>outputPaths</key>
			<array/>
			<key>runOnlyForDeploymentPostprocessing</key>
			<string>0</string>
			<key>shellPath</key>
			<string>/bin/sh</string>
			<key>shellScript</key>
			<string>echo "$PRODUCT_NAME.app" &gt; "$PROJECT_DIR"/Flutter/ephemeral/.app_filename &amp;&amp; "$FLUTTER_ROOT"/packages/flutter_tools/bin/macos_assemble.sh embed
</string>
		</dict>
		<key>33BA886A226E78AF003329D5</key>
		<dict>
			<key>children</key>
			<array>
				<string>33E5194F232828860026EE4D</string>
				<string>9740EEB21CF90195004384FC</string>
				<string>7AFA3C8E1D35360C0083082E</string>
				<string>333000ED22D3DE5D00554162</string>
			</array>
			<key>isa</key>
			<string>PBXGroup</string>
			<key>path</key>
			<string>Configs</string>
			<key>sourceTree</key>
			<string>&lt;group&gt;</string>
		</dict>
		<key>33CC10E42044A3C60003C045</key>
		<dict>
			<key>children</key>
			<array>
				<string>33FAB671232836740065AC1E</string>
				<string>33CEB47122A05771004F2AC0</string>
				<string>33CC10EE2044A3C60003C045</string>
				<string>D73912EC22F37F3D000D13A0</string>
				<string>6B44C542FA0845A8F2FA3624</string>
			</array>
			<key>isa</key>
			<string>PBXGroup</string>
			<key>sourceTree</key>
			<string>&lt;group&gt;</string>
		</dict>
		<key>33CC10E52044A3C60003C045</key>
		<dict>
			<key>attributes</key>
			<dict>
				<key>LastSwiftUpdateCheck</key>
				<string>0920</string>
				<key>LastUpgradeCheck</key>
				<string>1510</string>
				<key>ORGANIZATIONNAME</key>
				<string></string>
				<key>TargetAttributes</key>
				<dict>
					<key>33CC10EC2044A3C60003C045</key>
					<dict>
						<key>CreatedOnToolsVersion</key>
						<string>9.2</string>
						<key>LastSwiftMigration</key>
						<string>1100</string>
						<key>ProvisioningStyle</key>
						<string>Automatic</string>
						<key>SystemCapabilities</key>
						<dict>
							<key>com.apple.Sandbox</key>
							<dict>
								<key>enabled</key>
								<string>1</string>
							</dict>
						</dict>
					</dict>
					<key>33CC111A2044C6BA0003C045</key>
					<dict>
						<key>CreatedOnToolsVersion</key>
						<string>9.2</string>
						<key>ProvisioningStyle</key>
						<string>Manual</string>
					</dict>
				</dict>
			</dict>
			<key>buildConfigurationList</key>
			<string>33CC10E82044A3C60003C045</string>
			<key>compatibilityVersion</key>
			<string>Xcode 9.3</string>
			<key>developmentRegion</key>
			<string>en</string>
			<key>hasScannedForEncodings</key>
			<string>0</string>
			<key>isa</key>
			<string>PBXProject</string>
			<key>knownRegions</key>
			<array>
				<string>en</string>
				<string>Base</string>
			</array>
			<key>mainGroup</key>
			<string>33CC10E42044A3C60003C045</string>
			<key>productRefGroup</key>
			<string>33CC10EE2044A3C60003C045</string>
			<key>projectDirPath</key>
			<string></string>
			<key>projectRoot</key>
			<string></string>
			<key>targets</key>
			<array>
				<string>33CC10EC2044A3C60003C045</string>
				<string>33CC111A2044C6BA0003C045</string>
			</array>
		</dict>
		<key>33CC10E82044A3C60003C045</key>
		<dict>
			<key>buildConfigurations</key>
			<array>
				<string>33CC10F92044A3C60003C045</string>
				<string>33CC10FA2044A3C60003C045</string>
				<string>338D0CE9231458BD00FA5F75</string>
			</array>
			<key>defaultConfigurationIsVisible</key>
			<string>0</string>
			<key>defaultConfigurationName</key>
			<string>Release</string>
			<key>isa</key>
			<string>XCConfigurationList</string>
		</dict>
		<key>33CC10E92044A3C60003C045</key>
		<dict>
			<key>buildActionMask</key>
			<string>2147483647</string>
			<key>files</key>
			<array>
				<string>FB181B212D3B7B8B00C15F30</string>
				<string>33CC11132044BFA00003C045</string>
				<string>33CC10F12044A3C60003C045</string>
				<string>335BBD1B22A9A15E00E9071D</string>
			</array>
			<key>isa</key>
			<string>PBXSourcesBuildPhase</string>
			<key>runOnlyForDeploymentPostprocessing</key>
			<string>0</string>
		</dict>
		<key>33CC10EA2044A3C60003C045</key>
		<dict>
			<key>buildActionMask</key>
			<string>2147483647</string>
			<key>files</key>
			<array>
				<string>FB4E0E4F2CC9F3F900C57E87</string>
				<string>706E045829F286F600B789F4</string>
				<string>FB54062C2D22665000223D60</string>
				<string>D7360C6D6177708F7B2D3C9D</string>
			</array>
			<key>isa</key>
			<string>PBXFrameworksBuildPhase</string>
			<key>runOnlyForDeploymentPostprocessing</key>
			<string>0</string>
		</dict>
		<key>33CC10EB2044A3C60003C045</key>
		<dict>
			<key>buildActionMask</key>
			<string>2147483647</string>
			<key>files</key>
			<array>
				<string>33CC10F32044A3C60003C045</string>
				<string>33CC10F62044A3C60003C045</string>
			</array>
			<key>isa</key>
			<string>PBXResourcesBuildPhase</string>
			<key>runOnlyForDeploymentPostprocessing</key>
			<string>0</string>
		</dict>
		<key>33CC10EC2044A3C60003C045</key>
		<dict>
			<key>buildConfigurationList</key>
			<string>33CC10FB2044A3C60003C045</string>
			<key>buildPhases</key>
			<array>
				<string>611CF908D5E75C6DF581F81A</string>
				<string>33CC10E92044A3C60003C045</string>
				<string>33CC10EA2044A3C60003C045</string>
				<string>33CC10EB2044A3C60003C045</string>
				<string>33CC110E2044A8840003C045</string>
				<string>3399D490228B24CF009A79C7</string>
				<string>4372B34726148A3BC297850A</string>
			</array>
			<key>buildRules</key>
			<array/>
			<key>dependencies</key>
			<array>
				<string>33CC11202044C79F0003C045</string>
			</array>
			<key>isa</key>
			<string>PBXNativeTarget</string>
			<key>name</key>
			<string>Runner</string>
			<key>productName</key>
			<string>Runner</string>
			<key>productReference</key>
			<string>33CC10ED2044A3C60003C045</string>
			<key>productType</key>
			<string>com.apple.product-type.application</string>
		</dict>
		<key>33CC10ED2044A3C60003C045</key>
		<dict>
			<key>explicitFileType</key>
			<string>wrapper.application</string>
			<key>includeInIndex</key>
			<string>0</string>
			<key>isa</key>
			<string>PBXFileReference</string>
			<key>path</key>
			<string>$(PRODUCT_NAME).app</string>
			<key>sourceTree</key>
			<string>BUILT_PRODUCTS_DIR</string>
		</dict>
		<key>33CC10EE2044A3C60003C045</key>
		<dict>
			<key>children</key>
			<array>
				<string>33CC10ED2044A3C60003C045</string>
			</array>
			<key>isa</key>
			<string>PBXGroup</string>
			<key>name</key>
			<string>Products</string>
			<key>sourceTree</key>
			<string>&lt;group&gt;</string>
		</dict>
		<key>33CC10F02044A3C60003C045</key>
		<dict>
			<key>isa</key>
			<string>PBXFileReference</string>
			<key>lastKnownFileType</key>
			<string>sourcecode.swift</string>
			<key>path</key>
			<string>AppDelegate.swift</string>
			<key>sourceTree</key>
			<string>&lt;group&gt;</string>
		</dict>
		<key>33CC10F12044A3C60003C045</key>
		<dict>
			<key>fileRef</key>
			<string>33CC10F02044A3C60003C045</string>
			<key>isa</key>
			<string>PBXBuildFile</string>
		</dict>
		<key>33CC10F22044A3C60003C045</key>
		<dict>
			<key>isa</key>
			<string>PBXFileReference</string>
			<key>lastKnownFileType</key>
			<string>folder.assetcatalog</string>
			<key>name</key>
			<string>Assets.xcassets</string>
			<key>path</key>
			<string>Runner/Assets.xcassets</string>
			<key>sourceTree</key>
			<string>&lt;group&gt;</string>
		</dict>
		<key>33CC10F32044A3C60003C045</key>
		<dict>
			<key>fileRef</key>
			<string>33CC10F22044A3C60003C045</string>
			<key>isa</key>
			<string>PBXBuildFile</string>
		</dict>
		<key>33CC10F42044A3C60003C045</key>
		<dict>
			<key>children</key>
			<array>
				<string>33CC10F52044A3C60003C045</string>
			</array>
			<key>isa</key>
			<string>PBXVariantGroup</string>
			<key>name</key>
			<string>MainMenu.xib</string>
			<key>path</key>
			<string>Runner</string>
			<key>sourceTree</key>
			<string>&lt;group&gt;</string>
		</dict>
		<key>33CC10F52044A3C60003C045</key>
		<dict>
			<key>isa</key>
			<string>PBXFileReference</string>
			<key>lastKnownFileType</key>
			<string>file.xib</string>
			<key>name</key>
			<string>Base</string>
			<key>path</key>
			<string>Base.lproj/MainMenu.xib</string>
			<key>sourceTree</key>
			<string>&lt;group&gt;</string>
		</dict>
		<key>33CC10F62044A3C60003C045</key>
		<dict>
			<key>fileRef</key>
			<string>33CC10F42044A3C60003C045</string>
			<key>isa</key>
			<string>PBXBuildFile</string>
		</dict>
		<key>33CC10F72044A3C60003C045</key>
		<dict>
			<key>isa</key>
			<string>PBXFileReference</string>
			<key>lastKnownFileType</key>
			<string>text.plist.xml</string>
			<key>name</key>
			<string>Info.plist</string>
			<key>path</key>
			<string>Runner/Info.plist</string>
			<key>sourceTree</key>
			<string>&lt;group&gt;</string>
		</dict>
		<key>33CC10F92044A3C60003C045</key>
		<dict>
			<key>baseConfigurationReference</key>
			<string>9740EEB21CF90195004384FC</string>
			<key>buildSettings</key>
			<dict>
				<key>ALWAYS_SEARCH_USER_PATHS</key>
				<string>NO</string>
				<key>CLANG_ANALYZER_NONNULL</key>
				<string>YES</string>
				<key>CLANG_ANALYZER_NUMBER_OBJECT_CONVERSION</key>
				<string>YES_AGGRESSIVE</string>
				<key>CLANG_CXX_LANGUAGE_STANDARD</key>
				<string>gnu++14</string>
				<key>CLANG_CXX_LIBRARY</key>
				<string>libc++</string>
				<key>CLANG_ENABLE_MODULES</key>
				<string>YES</string>
				<key>CLANG_ENABLE_OBJC_ARC</key>
				<string>YES</string>
				<key>CLANG_WARN_BLOCK_CAPTURE_AUTORELEASING</key>
				<string>YES</string>
				<key>CLANG_WARN_BOOL_CONVERSION</key>
				<string>YES</string>
				<key>CLANG_WARN_CONSTANT_CONVERSION</key>
				<string>YES</string>
				<key>CLANG_WARN_DEPRECATED_OBJC_IMPLEMENTATIONS</key>
				<string>YES</string>
				<key>CLANG_WARN_DIRECT_OBJC_ISA_USAGE</key>
				<string>YES_ERROR</string>
				<key>CLANG_WARN_DOCUMENTATION_COMMENTS</key>
				<string>YES</string>
				<key>CLANG_WARN_EMPTY_BODY</key>
				<string>YES</string>
				<key>CLANG_WARN_ENUM_CONVERSION</key>
				<string>YES</string>
				<key>CLANG_WARN_INFINITE_RECURSION</key>
				<string>YES</string>
				<key>CLANG_WARN_INT_CONVERSION</key>
				<string>YES</string>
				<key>CLANG_WARN_NON_LITERAL_NULL_CONVERSION</key>
				<string>YES</string>
				<key>CLANG_WARN_OBJC_LITERAL_CONVERSION</key>
				<string>YES</string>
				<key>CLANG_WARN_OBJC_ROOT_CLASS</key>
				<string>YES_ERROR</string>
				<key>CLANG_WARN_RANGE_LOOP_ANALYSIS</key>
				<string>YES</string>
				<key>CLANG_WARN_SUSPICIOUS_MOVE</key>
				<string>YES</string>
				<key>CODE_SIGN_IDENTITY</key>
				<string>-</string>
				<key>COPY_PHASE_STRIP</key>
				<string>NO</string>
				<key>DEBUG_INFORMATION_FORMAT</key>
				<string>dwarf</string>
				<key>ENABLE_STRICT_OBJC_MSGSEND</key>
				<string>YES</string>
				<key>ENABLE_TESTABILITY</key>
				<string>YES</string>
				<key>GCC_C_LANGUAGE_STANDARD</key>
				<string>gnu11</string>
				<key>GCC_DYNAMIC_NO_PIC</key>
				<string>NO</string>
				<key>GCC_NO_COMMON_BLOCKS</key>
				<string>YES</string>
				<key>GCC_OPTIMIZATION_LEVEL</key>
				<string>0</string>
				<key>GCC_PREPROCESSOR_DEFINITIONS</key>
				<array>
					<string>DEBUG=1</string>
					<string>$(inherited)</string>
				</array>
				<key>GCC_WARN_64_TO_32_BIT_CONVERSION</key>
				<string>YES</string>
				<key>GCC_WARN_ABOUT_RETURN_TYPE</key>
				<string>YES_ERROR</string>
				<key>GCC_WARN_UNINITIALIZED_AUTOS</key>
				<string>YES_AGGRESSIVE</string>
				<key>GCC_WARN_UNUSED_FUNCTION</key>
				<string>YES</string>
				<key>GCC_WARN_UNUSED_VARIABLE</key>
				<string>YES</string>
				<key>MACOSX_DEPLOYMENT_TARGET</key>
				<string>13.0</string>
				<key>MTL_ENABLE_DEBUG_INFO</key>
				<string>YES</string>
				<key>ONLY_ACTIVE_ARCH</key>
				<string>YES</string>
				<key>SDKROOT</key>
				<string>macosx</string>
				<key>STRIP_STYLE</key>
				<string>non-global</string>
				<key>SWIFT_ACTIVE_COMPILATION_CONDITIONS</key>
				<string>DEBUG</string>
				<key>SWIFT_OPTIMIZATION_LEVEL</key>
				<string>-Onone</string>
			</dict>
			<key>isa</key>
			<string>XCBuildConfiguration</string>
			<key>name</key>
			<string>Debug</string>
		</dict>
		<key>33CC10FA2044A3C60003C045</key>
		<dict>
			<key>baseConfigurationReference</key>
			<string>7AFA3C8E1D35360C0083082E</string>
			<key>buildSettings</key>
			<dict>
				<key>ALWAYS_SEARCH_USER_PATHS</key>
				<string>NO</string>
				<key>CLANG_ANALYZER_NONNULL</key>
				<string>YES</string>
				<key>CLANG_ANALYZER_NUMBER_OBJECT_CONVERSION</key>
				<string>YES_AGGRESSIVE</string>
				<key>CLANG_CXX_LANGUAGE_STANDARD</key>
				<string>gnu++14</string>
				<key>CLANG_CXX_LIBRARY</key>
				<string>libc++</string>
				<key>CLANG_ENABLE_MODULES</key>
				<string>YES</string>
				<key>CLANG_ENABLE_OBJC_ARC</key>
				<string>YES</string>
				<key>CLANG_WARN_BLOCK_CAPTURE_AUTORELEASING</key>
				<string>YES</string>
				<key>CLANG_WARN_BOOL_CONVERSION</key>
				<string>YES</string>
				<key>CLANG_WARN_CONSTANT_CONVERSION</key>
				<string>YES</string>
				<key>CLANG_WARN_DEPRECATED_OBJC_IMPLEMENTATIONS</key>
				<string>YES</string>
				<key>CLANG_WARN_DIRECT_OBJC_ISA_USAGE</key>
				<string>YES_ERROR</string>
				<key>CLANG_WARN_DOCUMENTATION_COMMENTS</key>
				<string>YES</string>
				<key>CLANG_WARN_EMPTY_BODY</key>
				<string>YES</string>
				<key>CLANG_WARN_ENUM_CONVERSION</key>
				<string>YES</string>
				<key>CLANG_WARN_INFINITE_RECURSION</key>
				<string>YES</string>
				<key>CLANG_WARN_INT_CONVERSION</key>
				<string>YES</string>
				<key>CLANG_WARN_NON_LITERAL_NULL_CONVERSION</key>
				<string>YES</string>
				<key>CLANG_WARN_OBJC_LITERAL_CONVERSION</key>
				<string>YES</string>
				<key>CLANG_WARN_OBJC_ROOT_CLASS</key>
				<string>YES_ERROR</string>
				<key>CLANG_WARN_RANGE_LOOP_ANALYSIS</key>
				<string>YES</string>
				<key>CLANG_WARN_SUSPICIOUS_MOVE</key>
				<string>YES</string>
				<key>CODE_SIGN_IDENTITY</key>
				<string>-</string>
				<key>COPY_PHASE_STRIP</key>
				<string>NO</string>
				<key>DEBUG_INFORMATION_FORMAT</key>
				<string>dwarf-with-dsym</string>
				<key>ENABLE_NS_ASSERTIONS</key>
				<string>NO</string>
				<key>ENABLE_STRICT_OBJC_MSGSEND</key>
				<string>YES</string>
				<key>GCC_C_LANGUAGE_STANDARD</key>
				<string>gnu11</string>
				<key>GCC_NO_COMMON_BLOCKS</key>
				<string>YES</string>
				<key>GCC_WARN_64_TO_32_BIT_CONVERSION</key>
				<string>YES</string>
				<key>GCC_WARN_ABOUT_RETURN_TYPE</key>
				<string>YES_ERROR</string>
				<key>GCC_WARN_UNINITIALIZED_AUTOS</key>
				<string>YES_AGGRESSIVE</string>
				<key>GCC_WARN_UNUSED_FUNCTION</key>
				<string>YES</string>
				<key>GCC_WARN_UNUSED_VARIABLE</key>
				<string>YES</string>
				<key>MACOSX_DEPLOYMENT_TARGET</key>
				<string>13.0</string>
				<key>MTL_ENABLE_DEBUG_INFO</key>
				<string>NO</string>
				<key>SDKROOT</key>
				<string>macosx</string>
				<key>STRIP_STYLE</key>
				<string>non-global</string>
				<key>SWIFT_COMPILATION_MODE</key>
				<string>wholemodule</string>
				<key>SWIFT_OPTIMIZATION_LEVEL</key>
				<string>-O</string>
			</dict>
			<key>isa</key>
			<string>XCBuildConfiguration</string>
			<key>name</key>
			<string>Release</string>
		</dict>
		<key>33CC10FB2044A3C60003C045</key>
		<dict>
			<key>buildConfigurations</key>
			<array>
				<string>33CC10FC2044A3C60003C045</string>
				<string>33CC10FD2044A3C60003C045</string>
				<string>338D0CEA231458BD00FA5F75</string>
			</array>
			<key>defaultConfigurationIsVisible</key>
			<string>0</string>
			<key>defaultConfigurationName</key>
			<string>Release</string>
			<key>isa</key>
			<string>XCConfigurationList</string>
		</dict>
		<key>33CC10FC2044A3C60003C045</key>
		<dict>
			<key>baseConfigurationReference</key>
			<string>33E5194F232828860026EE4D</string>
			<key>buildSettings</key>
			<dict>
				<key>ARCHS</key>
				<array>
					<string>arm64</string>
				<string>x86_64</string>
					<string>arm64</string>
				</array>
				<key>ASSETCATALOG_COMPILER_APPICON_NAME</key>
				<string>AppIcon</string>
				<key>CLANG_ENABLE_MODULES</key>
				<string>YES</string>
				<key>CODE_SIGN_ENTITLEMENTS</key>
				<string>Runner/DebugProfile.entitlements</string>
				<key>CODE_SIGN_STYLE</key>
				<string>Automatic</string>
				<key>COMBINE_HIDPI_IMAGES</key>
				<string>YES</string>
				<key>ENABLE_HARDENED_RUNTIME</key>
				<string>NO</string>
				<key>INFOPLIST_FILE</key>
				<string>Runner/Info.plist</string>
				<key>INFOPLIST_KEY_CFBundleDisplayName</key>
				<string>PonyNotes</string>
				<key>LD_RUNPATH_SEARCH_PATHS</key>
				<array>
					<string>$(inherited)</string>
					<string>@executable_path/../Frameworks</string>
				</array>
				<key>MACOSX_DEPLOYMENT_TARGET</key>
				<string>10.15</string>
				<key>PROVISIONING_PROFILE_SPECIFIER</key>
				<string></string>
				<key>STRIP_STYLE</key>
				<string>non-global</string>
				<key>SWIFT_OPTIMIZATION_LEVEL</key>
				<string>-Onone</string>
				<key>SWIFT_VERSION</key>
				<string>5.0</string>
			</dict>
			<key>isa</key>
			<string>XCBuildConfiguration</string>
			<key>name</key>
			<string>Debug</string>
		</dict>
		<key>33CC10FD2044A3C60003C045</key>
		<dict>
			<key>baseConfigurationReference</key>
			<string>33E5194F232828860026EE4D</string>
			<key>buildSettings</key>
			<dict>
				<key>ARCHS</key>
				<array>
					<string>arm64</string>
				<string>x86_64</string>
					<string>arm64</string>
				</array>
				<key>ASSETCATALOG_COMPILER_APPICON_NAME</key>
				<string>AppIcon</string>
				<key>CLANG_ENABLE_MODULES</key>
				<string>YES</string>
				<key>CODE_SIGN_ENTITLEMENTS</key>
				<string>Runner/Release.entitlements</string>
				<key>CODE_SIGN_STYLE</key>
				<string>Automatic</string>
				<key>COMBINE_HIDPI_IMAGES</key>
				<string>YES</string>
				<key>ENABLE_HARDENED_RUNTIME</key>
				<string>YES</string>
				<key>INFOPLIST_FILE</key>
				<string>Runner/Info.plist</string>
				<key>INFOPLIST_KEY_CFBundleDisplayName</key>
				<string>PonyNotes</string>
				<key>LD_RUNPATH_SEARCH_PATHS</key>
				<array>
					<string>$(inherited)</string>
					<string>@executable_path/../Frameworks</string>
				</array>
				<key>MACOSX_DEPLOYMENT_TARGET</key>
				<string>13.0</string>
				<key>ONLY_ACTIVE_ARCH</key>
				<string>YES</string>
				<key>PROVISIONING_PROFILE_SPECIFIER</key>
				<string></string>
				<key>STRIP_STYLE</key>
				<string>non-global</string>
				<key>SWIFT_VERSION</key>
				<string>5.0</string>
			</dict>
			<key>isa</key>
			<string>XCBuildConfiguration</string>
			<key>name</key>
			<string>Release</string>
		</dict>
		<key>33CC110E2044A8840003C045</key>
		<dict>
			<key>buildActionMask</key>
			<string>2147483647</string>
			<key>dstPath</key>
			<string></string>
			<key>dstSubfolderSpec</key>
			<string>10</string>
			<key>files</key>
			<array/>
			<key>isa</key>
			<string>PBXCopyFilesBuildPhase</string>
			<key>name</key>
			<string>Bundle Framework</string>
			<key>runOnlyForDeploymentPostprocessing</key>
			<string>0</string>
		</dict>
		<key>33CC11122044BFA00003C045</key>
		<dict>
			<key>isa</key>
			<string>PBXFileReference</string>
			<key>lastKnownFileType</key>
			<string>sourcecode.swift</string>
			<key>path</key>
			<string>MainFlutterWindow.swift</string>
			<key>sourceTree</key>
			<string>&lt;group&gt;</string>
		</dict>
		<key>33CC11132044BFA00003C045</key>
		<dict>
			<key>fileRef</key>
			<string>33CC11122044BFA00003C045</string>
			<key>isa</key>
			<string>PBXBuildFile</string>
		</dict>
		<key>33CC111A2044C6BA0003C045</key>
		<dict>
			<key>buildConfigurationList</key>
			<string>33CC111B2044C6BA0003C045</string>
			<key>buildPhases</key>
			<array>
				<string>33CC111E2044C6BF0003C045</string>
			</array>
			<key>dependencies</key>
			<array/>
			<key>isa</key>
			<string>PBXAggregateTarget</string>
			<key>name</key>
			<string>Flutter Assemble</string>
			<key>productName</key>
			<string>FLX</string>
		</dict>
		<key>33CC111B2044C6BA0003C045</key>
		<dict>
			<key>buildConfigurations</key>
			<array>
				<string>33CC111C2044C6BA0003C045</string>
				<string>33CC111D2044C6BA0003C045</string>
				<string>338D0CEB231458BD00FA5F75</string>
			</array>
			<key>defaultConfigurationIsVisible</key>
			<string>0</string>
			<key>defaultConfigurationName</key>
			<string>Release</string>
			<key>isa</key>
			<string>XCConfigurationList</string>
		</dict>
		<key>33CC111C2044C6BA0003C045</key>
		<dict>
			<key>buildSettings</key>
			<dict>
				<key>CODE_SIGN_STYLE</key>
				<string>Manual</string>
				<key>PRODUCT_NAME</key>
				<string>$(TARGET_NAME)</string>
			</dict>
			<key>isa</key>
			<string>XCBuildConfiguration</string>
			<key>name</key>
			<string>Debug</string>
		</dict>
		<key>33CC111D2044C6BA0003C045</key>
		<dict>
			<key>buildSettings</key>
			<dict>
				<key>CODE_SIGN_STYLE</key>
				<string>Automatic</string>
				<key>PRODUCT_NAME</key>
				<string>$(TARGET_NAME)</string>
			</dict>
			<key>isa</key>
			<string>XCBuildConfiguration</string>
			<key>name</key>
			<string>Release</string>
		</dict>
		<key>33CC111E2044C6BF0003C045</key>
		<dict>
			<key>buildActionMask</key>
			<string>2147483647</string>
			<key>files</key>
			<array/>
			<key>inputFileListPaths</key>
			<array>
				<string>Flutter/ephemeral/FlutterInputs.xcfilelist</string>
			</array>
			<key>inputPaths</key>
			<array>
				<string>Flutter/ephemeral/tripwire</string>
			</array>
			<key>isa</key>
			<string>PBXShellScriptBuildPhase</string>
			<key>outputFileListPaths</key>
			<array>
				<string>Flutter/ephemeral/FlutterOutputs.xcfilelist</string>
			</array>
			<key>outputPaths</key>
			<array/>
			<key>runOnlyForDeploymentPostprocessing</key>
			<string>0</string>
			<key>shellPath</key>
			<string>/bin/sh</string>
			<key>shellScript</key>
			<string>"$FLUTTER_ROOT"/packages/flutter_tools/bin/macos_assemble.sh &amp;&amp; touch Flutter/ephemeral/tripwire</string>
		</dict>
		<key>33CC111F2044C79F0003C045</key>
		<dict>
			<key>containerPortal</key>
			<string>33CC10E52044A3C60003C045</string>
			<key>isa</key>
			<string>PBXContainerItemProxy</string>
			<key>proxyType</key>
			<string>1</string>
			<key>remoteGlobalIDString</key>
			<string>33CC111A2044C6BA0003C045</string>
			<key>remoteInfo</key>
			<string>FLX</string>
		</dict>
		<key>33CC11202044C79F0003C045</key>
		<dict>
			<key>isa</key>
			<string>PBXTargetDependency</string>
			<key>target</key>
			<string>33CC111A2044C6BA0003C045</string>
			<key>targetProxy</key>
			<string>33CC111F2044C79F0003C045</string>
		</dict>
		<key>33CC11242044D66E0003C045</key>
		<dict>
			<key>children</key>
			<array>
				<string>33CC10F22044A3C60003C045</string>
				<string>33CC10F42044A3C60003C045</string>
				<string>33CC10F72044A3C60003C045</string>
			</array>
			<key>isa</key>
			<string>PBXGroup</string>
			<key>name</key>
			<string>Resources</string>
			<key>path</key>
			<string>..</string>
			<key>sourceTree</key>
			<string>&lt;group&gt;</string>
		</dict>
		<key>33CEB47122A05771004F2AC0</key>
		<dict>
			<key>children</key>
			<array>
				<string>335BBD1A22A9A15E00E9071D</string>
				<string>33CEB47222A05771004F2AC0</string>
				<string>33CEB47422A05771004F2AC0</string>
				<string>33CEB47722A0578A004F2AC0</string>
			</array>
			<key>isa</key>
			<string>PBXGroup</string>
			<key>path</key>
			<string>Flutter</string>
			<key>sourceTree</key>
			<string>&lt;group&gt;</string>
		</dict>
		<key>33CEB47222A05771004F2AC0</key>
		<dict>
			<key>isa</key>
			<string>PBXFileReference</string>
			<key>lastKnownFileType</key>
			<string>text.xcconfig</string>
			<key>path</key>
			<string>Flutter-Debug.xcconfig</string>
			<key>sourceTree</key>
			<string>&lt;group&gt;</string>
		</dict>
		<key>33CEB47422A05771004F2AC0</key>
		<dict>
			<key>isa</key>
			<string>PBXFileReference</string>
			<key>lastKnownFileType</key>
			<string>text.xcconfig</string>
			<key>path</key>
			<string>Flutter-Release.xcconfig</string>
			<key>sourceTree</key>
			<string>&lt;group&gt;</string>
		</dict>
		<key>33CEB47722A0578A004F2AC0</key>
		<dict>
			<key>isa</key>
			<string>PBXFileReference</string>
			<key>lastKnownFileType</key>
			<string>text.xcconfig</string>
			<key>name</key>
			<string>Flutter-Generated.xcconfig</string>
			<key>path</key>
			<string>ephemeral/Flutter-Generated.xcconfig</string>
			<key>sourceTree</key>
			<string>&lt;group&gt;</string>
		</dict>
		<key>33E51913231747F40026EE4D</key>
		<dict>
			<key>isa</key>
			<string>PBXFileReference</string>
			<key>lastKnownFileType</key>
			<string>text.plist.entitlements</string>
			<key>path</key>
			<string>DebugProfile.entitlements</string>
			<key>sourceTree</key>
			<string>&lt;group&gt;</string>
		</dict>
		<key>33E51914231749380026EE4D</key>
		<dict>
			<key>fileEncoding</key>
			<string>4</string>
			<key>isa</key>
			<string>PBXFileReference</string>
			<key>lastKnownFileType</key>
			<string>text.plist.entitlements</string>
			<key>path</key>
			<string>Release.entitlements</string>
			<key>sourceTree</key>
			<string>&lt;group&gt;</string>
		</dict>
		<key>33E5194F232828860026EE4D</key>
		<dict>
			<key>isa</key>
			<string>PBXFileReference</string>
			<key>lastKnownFileType</key>
			<string>text.xcconfig</string>
			<key>path</key>
			<string>AppInfo.xcconfig</string>
			<key>sourceTree</key>
			<string>&lt;group&gt;</string>
		</dict>
		<key>33FAB671232836740065AC1E</key>
		<dict>
			<key>children</key>
			<array>
				<string>33CC10F02044A3C60003C045</string>
				<string>33CC11122044BFA00003C045</string>
				<string>FB181B202D3B7B8B00C15F30</string>
				<string>33E51913231747F40026EE4D</string>
				<string>33E51914231749380026EE4D</string>
				<string>33CC11242044D66E0003C045</string>
				<string>33BA886A226E78AF003329D5</string>
			</array>
			<key>isa</key>
			<string>PBXGroup</string>
			<key>path</key>
			<string>Runner</string>
			<key>sourceTree</key>
			<string>&lt;group&gt;</string>
		</dict>
		<key>4372B34726148A3BC297850A</key>
		<dict>
			<key>buildActionMask</key>
			<string>2147483647</string>
			<key>files</key>
			<array/>
			<key>inputFileListPaths</key>
			<array>
				<string>${PODS_ROOT}/Target Support Files/Pods-Runner/Pods-Runner-frameworks-${CONFIGURATION}-input-files.xcfilelist</string>
			</array>
			<key>isa</key>
			<string>PBXShellScriptBuildPhase</string>
			<key>name</key>
			<string>[CP] Embed Pods Frameworks</string>
			<key>outputFileListPaths</key>
			<array>
				<string>${PODS_ROOT}/Target Support Files/Pods-Runner/Pods-Runner-frameworks-${CONFIGURATION}-output-files.xcfilelist</string>
			</array>
			<key>runOnlyForDeploymentPostprocessing</key>
			<string>0</string>
			<key>shellPath</key>
			<string>/bin/sh</string>
			<key>shellScript</key>
			<string>"${PODS_ROOT}/Target Support Files/Pods-Runner/Pods-Runner-frameworks.sh"
</string>
			<key>showEnvVarsInLog</key>
			<string>0</string>
		</dict>
		<key>611CF908D5E75C6DF581F81A</key>
		<dict>
			<key>buildActionMask</key>
			<string>2147483647</string>
			<key>files</key>
			<array/>
			<key>inputFileListPaths</key>
			<array/>
			<key>inputPaths</key>
			<array>
				<string>${PODS_PODFILE_DIR_PATH}/Podfile.lock</string>
				<string>${PODS_ROOT}/Manifest.lock</string>
			</array>
			<key>isa</key>
			<string>PBXShellScriptBuildPhase</string>
			<key>name</key>
			<string>[CP] Check Pods Manifest.lock</string>
			<key>outputFileListPaths</key>
			<array/>
			<key>outputPaths</key>
			<array>
				<string>$(DERIVED_FILE_DIR)/Pods-Runner-checkManifestLockResult.txt</string>
			</array>
			<key>runOnlyForDeploymentPostprocessing</key>
			<string>0</string>
			<key>shellPath</key>
			<string>/bin/sh</string>
			<key>shellScript</key>
			<string>diff "${PODS_PODFILE_DIR_PATH}/Podfile.lock" "${PODS_ROOT}/Manifest.lock" &gt; /dev/null
if [ $? != 0 ] ; then
    # print error to STDERR
    echo "error: The sandbox is not in sync with the Podfile.lock. Run 'pod install' or update your CocoaPods installation." &gt;&amp;2
    exit 1
fi
# This output is used by Xcode 'outputs' to avoid re-running this script phase.
echo "SUCCESS" &gt; "${SCRIPT_OUTPUT_FILE_0}"
</string>
			<key>showEnvVarsInLog</key>
			<string>0</string>
		</dict>
		<key>6B44C542FA0845A8F2FA3624</key>
		<dict>
			<key>children</key>
			<array>
				<string>6DEEC7DEFA746DDF1338FF4D</string>
				<string>7D41C30A3910C3A40B6085E3</string>
				<string>1823EB6E74189944EAA69652</string>
			</array>
			<key>isa</key>
			<string>PBXGroup</string>
			<key>path</key>
			<string>Pods</string>
			<key>sourceTree</key>
			<string>&lt;group&gt;</string>
		</dict>
		<key>6DEEC7DEFA746DDF1338FF4D</key>
		<dict>
			<key>includeInIndex</key>
			<string>1</string>
			<key>isa</key>
			<string>PBXFileReference</string>
			<key>lastKnownFileType</key>
			<string>text.xcconfig</string>
			<key>name</key>
			<string>Pods-Runner.debug.xcconfig</string>
			<key>path</key>
			<string>Target Support Files/Pods-Runner/Pods-Runner.debug.xcconfig</string>
			<key>sourceTree</key>
			<string>&lt;group&gt;</string>
		</dict>
		<key>706E045729F286EC00B789F4</key>
		<dict>
			<key>isa</key>
			<string>PBXFileReference</string>
			<key>lastKnownFileType</key>
			<string>sourcecode.text-based-dylib-definition</string>
			<key>name</key>
			<string>libc++.tbd</string>
			<key>path</key>
			<string>usr/lib/libc++.tbd</string>
			<key>sourceTree</key>
			<string>SDKROOT</string>
		</dict>
		<key>706E045829F286F600B789F4</key>
		<dict>
			<key>fileRef</key>
			<string>706E045729F286EC00B789F4</string>
			<key>isa</key>
			<string>PBXBuildFile</string>
		</dict>
		<key>7AFA3C8E1D35360C0083082E</key>
		<dict>
			<key>isa</key>
			<string>PBXFileReference</string>
			<key>lastKnownFileType</key>
			<string>text.xcconfig</string>
			<key>path</key>
			<string>Release.xcconfig</string>
			<key>sourceTree</key>
			<string>&lt;group&gt;</string>
		</dict>
		<key>7D41C30A3910C3A40B6085E3</key>
		<dict>
			<key>includeInIndex</key>
			<string>1</string>
			<key>isa</key>
			<string>PBXFileReference</string>
			<key>lastKnownFileType</key>
			<string>text.xcconfig</string>
			<key>name</key>
			<string>Pods-Runner.release.xcconfig</string>
			<key>path</key>
			<string>Target Support Files/Pods-Runner/Pods-Runner.release.xcconfig</string>
			<key>sourceTree</key>
			<string>&lt;group&gt;</string>
		</dict>
		<key>9740EEB21CF90195004384FC</key>
		<dict>
			<key>fileEncoding</key>
			<string>4</string>
			<key>isa</key>
			<string>PBXFileReference</string>
			<key>lastKnownFileType</key>
			<string>text.xcconfig</string>
			<key>path</key>
			<string>Debug.xcconfig</string>
			<key>sourceTree</key>
			<string>&lt;group&gt;</string>
		</dict>
		<key>D7360C6D6177708F7B2D3C9D</key>
		<dict>
			<key>fileRef</key>
			<string>1CD81A6C7244B2318E0BA2E8</string>
			<key>isa</key>
			<string>PBXBuildFile</string>
		</dict>
		<key>D73912EC22F37F3D000D13A0</key>
		<dict>
			<key>children</key>
			<array>
				<string>FB54062B2D22664200223D60</string>
				<string>FB4E0E4E2CC9F3E900C57E87</string>
				<string>706E045729F286EC00B789F4</string>
				<string>1CD81A6C7244B2318E0BA2E8</string>
			</array>
			<key>isa</key>
			<string>PBXGroup</string>
			<key>name</key>
			<string>Frameworks</string>
			<key>sourceTree</key>
			<string>&lt;group&gt;</string>
		</dict>
		<key>FB181B202D3B7B8B00C15F30</key>
		<dict>
			<key>isa</key>
			<string>PBXFileReference</string>
			<key>lastKnownFileType</key>
			<string>sourcecode.swift</string>
			<key>path</key>
			<string>HandwritingNativePlugin.swift</string>
			<key>sourceTree</key>
			<string>&lt;group&gt;</string>
		</dict>
		<key>FB181B212D3B7B8B00C15F30</key>
		<dict>
			<key>fileRef</key>
			<string>FB181B202D3B7B8B00C15F30</string>
			<key>isa</key>
			<string>PBXBuildFile</string>
		</dict>
		<key>FB4E0E4E2CC9F3E900C57E87</key>
		<dict>
			<key>isa</key>
			<string>PBXFileReference</string>
			<key>lastKnownFileType</key>
			<string>sourcecode.text-based-dylib-definition</string>
			<key>name</key>
			<string>libbz2.tbd</string>
			<key>path</key>
			<string>usr/lib/libbz2.tbd</string>
			<key>sourceTree</key>
			<string>SDKROOT</string>
		</dict>
		<key>FB4E0E4F2CC9F3F900C57E87</key>
		<dict>
			<key>fileRef</key>
			<string>FB4E0E4E2CC9F3E900C57E87</string>
			<key>isa</key>
			<string>PBXBuildFile</string>
		</dict>
		<key>FB54062B2D22664200223D60</key>
		<dict>
			<key>isa</key>
			<string>PBXFileReference</string>
			<key>lastKnownFileType</key>
			<string>sourcecode.text-based-dylib-definition</string>
			<key>name</key>
			<string>liblzma.tbd</string>
			<key>path</key>
			<string>usr/lib/liblzma.tbd</string>
			<key>sourceTree</key>
			<string>SDKROOT</string>
		</dict>
		<key>FB54062C2D22665000223D60</key>
		<dict>
			<key>fileRef</key>
			<string>FB54062B2D22664200223D60</string>
			<key>isa</key>
			<string>PBXBuildFile</string>
		</dict>
	</dict>
	<key>rootObject</key>
	<string>33CC10E52044A3C60003C045</string>
</dict>
</plist>
